
Microsoft Visual Studio Solution File, Format Version 12.00
# Visual Studio Version 17
VisualStudioVersion = 17.14.36221.1 d17.14
MinimumVisualStudioVersion = 10.0.40219.1
Project("{FAE04EC0-301F-11D3-BF4B-00C04F79EFBC}") = "WPFMiniProject", "WPFMiniProject\WPFMiniProject.csproj", "{F2ADC961-593E-4BB2-A429-3E1E34289865}"
EndProject
Global
	GlobalSection(SolutionConfigurationPlatforms) = preSolution
		Debug|Any CPU = Debug|Any CPU
		Release|Any CPU = Release|Any CPU
	EndGlobalSection
	GlobalSection(ProjectConfigurationPlatforms) = postSolution
		{F2ADC961-593E-4BB2-A429-3E1E34289865}.Debug|Any CPU.ActiveCfg = Debug|Any CPU
		{F2ADC961-593E-4BB2-A429-3E1E34289865}.Debug|Any CPU.Build.0 = Debug|Any CPU
		{F2ADC961-593E-4BB2-A429-3E1E34289865}.Release|Any CPU.ActiveCfg = Release|Any CPU
		{F2ADC961-593E-4BB2-A429-3E1E34289865}.Release|Any CPU.Build.0 = Release|Any CPU
	EndGlobalSection
	GlobalSection(SolutionProperties) = preSolution
		HideSolutionNode = FALSE
	EndGlobalSection
	GlobalSection(ExtensibilityGlobals) = postSolution
		SolutionGuid = {7306AD97-FA47-48F6-B336-AA6503D5D5B8}
	EndGlobalSection
EndGlobal
