
Microsoft Visual Studio Solution File, Format Version 12.00
# Visual Studio Version 17
VisualStudioVersion = 17.14.36603.0 d17.14
MinimumVisualStudioVersion = 10.0.40219.1
Project("{00D1A9C2-B5F0-4AF3-8072-F6C62B433612}") = "HotelAppDB", "HotelAppDB\HotelAppDB.sqlproj", "{856A69DE-F49C-476F-BFB6-26AC2FA718EE}"
EndProject
Global
	GlobalSection(SolutionConfigurationPlatforms) = preSolution
		Debug|Any CPU = Debug|Any CPU
		Release|Any CPU = Release|Any CPU
	EndGlobalSection
	GlobalSection(ProjectConfigurationPlatforms) = postSolution
		{856A69DE-F49C-476F-BFB6-26AC2FA718EE}.Debug|Any CPU.ActiveCfg = Debug|Any CPU
		{856A69DE-F49C-476F-BFB6-26AC2FA718EE}.Debug|Any CPU.Build.0 = Debug|Any CPU
		{856A69DE-F49C-476F-BFB6-26AC2FA718EE}.Debug|Any CPU.Deploy.0 = Debug|Any CPU
		{856A69DE-F49C-476F-BFB6-26AC2FA718EE}.Release|Any CPU.ActiveCfg = Release|Any CPU
		{856A69DE-F49C-476F-BFB6-26AC2FA718EE}.Release|Any CPU.Build.0 = Release|Any CPU
		{856A69DE-F49C-476F-BFB6-26AC2FA718EE}.Release|Any CPU.Deploy.0 = Release|Any CPU
	EndGlobalSection
	GlobalSection(SolutionProperties) = preSolution
		HideSolutionNode = FALSE
	EndGlobalSection
	GlobalSection(ExtensibilityGlobals) = postSolution
		SolutionGuid = {B4E1FE2E-C006-4B86-90E1-D1C379EFF089}
	EndGlobalSection
EndGlobal
