
Microsoft Visual Studio Solution File, Format Version 12.00
# Visual Studio Version 17
VisualStudioVersion = 17.13.35825.156 d17.13
MinimumVisualStudioVersion = 10.0.40219.1
Project("{FAE04EC0-301F-11D3-BF4B-00C04F79EFBC}") = "CardGame", "CardGame\CardGame.csproj", "{009003D0-5BDA-4DA9-AFFF-00FAEDCE2522}"
EndProject
Global
	GlobalSection(SolutionConfigurationPlatforms) = preSolution
		Debug|Any CPU = Debug|Any CPU
		Release|Any CPU = Release|Any CPU
	EndGlobalSection
	GlobalSection(ProjectConfigurationPlatforms) = postSolution
		{009003D0-5BDA-4DA9-AFFF-00FAEDCE2522}.Debug|Any CPU.ActiveCfg = Debug|Any CPU
		{009003D0-5BDA-4DA9-AFFF-00FAEDCE2522}.Debug|Any CPU.Build.0 = Debug|Any CPU
		{009003D0-5BDA-4DA9-AFFF-00FAEDCE2522}.Release|Any CPU.ActiveCfg = Release|Any CPU
		{009003D0-5BDA-4DA9-AFFF-00FAEDCE2522}.Release|Any CPU.Build.0 = Release|Any CPU
	EndGlobalSection
	GlobalSection(SolutionProperties) = preSolution
		HideSolutionNode = FALSE
	EndGlobalSection
	GlobalSection(ExtensibilityGlobals) = postSolution
		SolutionGuid = {F1353D8A-DBB7-4040-8DD2-345D11F50E10}
	EndGlobalSection
EndGlobal
