
Microsoft Visual Studio Solution File, Format Version 12.00
# Visual Studio Version 17
VisualStudioVersion = 17.13.35825.156
MinimumVisualStudioVersion = 10.0.40219.1
Project("{FAE04EC0-301F-11D3-BF4B-00C04F79EFBC}") = "ExtensionMethodsMiniProjectHomework", "OverloadMethodsMiniProjectHomework\ExtensionMethodsMiniProjectHomework.csproj", "{6F56EF0E-65CA-410B-9754-AC98B3451418}"
EndProject
Global
	GlobalSection(SolutionConfigurationPlatforms) = preSolution
		Debug|Any CPU = Debug|Any CPU
		Release|Any CPU = Release|Any CPU
	EndGlobalSection
	GlobalSection(ProjectConfigurationPlatforms) = postSolution
		{6F56EF0E-65CA-410B-9754-AC98B3451418}.Debug|Any CPU.ActiveCfg = Debug|Any CPU
		{6F56EF0E-65CA-410B-9754-AC98B3451418}.Debug|Any CPU.Build.0 = Debug|Any CPU
		{6F56EF0E-65CA-410B-9754-AC98B3451418}.Release|Any CPU.ActiveCfg = Release|Any CPU
		{6F56EF0E-65CA-410B-9754-AC98B3451418}.Release|Any CPU.Build.0 = Release|Any CPU
	EndGlobalSection
	GlobalSection(SolutionProperties) = preSolution
		HideSolutionNode = FALSE
	EndGlobalSection
	GlobalSection(ExtensibilityGlobals) = postSolution
		SolutionGuid = {43765249-D9DE-4D82-A891-29986E49D532}
	EndGlobalSection
EndGlobal
