
Microsoft Visual Studio Solution File, Format Version 12.00
# Visual Studio Version 17
VisualStudioVersion = 17.14.36408.4
MinimumVisualStudioVersion = 10.0.40219.1
Project("{FAE04EC0-301F-11D3-BF4B-00C04F79EFBC}") = "MongoDBUI", "MongoDBUI\MongoDBUI.csproj", "{60A6FF6B-3CD8-49B3-9CB0-60253BD330E7}"
EndProject
Project("{FAE04EC0-301F-11D3-BF4B-00C04F79EFBC}") = "DataAccessLibrary", "DataAccessLibrary\DataAccessLibrary.csproj", "{65712517-60E4-4BC1-BB2E-66B2E291A0FE}"
EndProject
Project("{FAE04EC0-301F-11D3-BF4B-00C04F79EFBC}") = "CosmosDBUI", "CosmosDBUI\CosmosDBUI.csproj", "{9D77586A-289B-4852-9930-CA4A1E90653C}"
EndProject
Project("{FAE04EC0-301F-11D3-BF4B-00C04F79EFBC}") = "SampleAPI", "SampleAPI\SampleAPI.csproj", "{70312FBC-2871-4D3D-BC29-079F60EC3679}"
EndProject
Project("{FAE04EC0-301F-11D3-BF4B-00C04F79EFBC}") = "ApiDBUI", "ApiDBUI\ApiDBUI.csproj", "{F522D7F2-565F-4415-82F5-E43F703263A2}"
EndProject
Global
	GlobalSection(SolutionConfigurationPlatforms) = preSolution
		Debug|Any CPU = Debug|Any CPU
		Release|Any CPU = Release|Any CPU
	EndGlobalSection
	GlobalSection(ProjectConfigurationPlatforms) = postSolution
		{60A6FF6B-3CD8-49B3-9CB0-60253BD330E7}.Debug|Any CPU.ActiveCfg = Debug|Any CPU
		{60A6FF6B-3CD8-49B3-9CB0-60253BD330E7}.Debug|Any CPU.Build.0 = Debug|Any CPU
		{60A6FF6B-3CD8-49B3-9CB0-60253BD330E7}.Release|Any CPU.ActiveCfg = Release|Any CPU
		{60A6FF6B-3CD8-49B3-9CB0-60253BD330E7}.Release|Any CPU.Build.0 = Release|Any CPU
		{65712517-60E4-4BC1-BB2E-66B2E291A0FE}.Debug|Any CPU.ActiveCfg = Debug|Any CPU
		{65712517-60E4-4BC1-BB2E-66B2E291A0FE}.Debug|Any CPU.Build.0 = Debug|Any CPU
		{65712517-60E4-4BC1-BB2E-66B2E291A0FE}.Release|Any CPU.ActiveCfg = Release|Any CPU
		{65712517-60E4-4BC1-BB2E-66B2E291A0FE}.Release|Any CPU.Build.0 = Release|Any CPU
		{9D77586A-289B-4852-9930-CA4A1E90653C}.Debug|Any CPU.ActiveCfg = Debug|Any CPU
		{9D77586A-289B-4852-9930-CA4A1E90653C}.Debug|Any CPU.Build.0 = Debug|Any CPU
		{9D77586A-289B-4852-9930-CA4A1E90653C}.Release|Any CPU.ActiveCfg = Release|Any CPU
		{9D77586A-289B-4852-9930-CA4A1E90653C}.Release|Any CPU.Build.0 = Release|Any CPU
		{70312FBC-2871-4D3D-BC29-079F60EC3679}.Debug|Any CPU.ActiveCfg = Debug|Any CPU
		{70312FBC-2871-4D3D-BC29-079F60EC3679}.Debug|Any CPU.Build.0 = Debug|Any CPU
		{70312FBC-2871-4D3D-BC29-079F60EC3679}.Release|Any CPU.ActiveCfg = Release|Any CPU
		{70312FBC-2871-4D3D-BC29-079F60EC3679}.Release|Any CPU.Build.0 = Release|Any CPU
		{F522D7F2-565F-4415-82F5-E43F703263A2}.Debug|Any CPU.ActiveCfg = Debug|Any CPU
		{F522D7F2-565F-4415-82F5-E43F703263A2}.Debug|Any CPU.Build.0 = Debug|Any CPU
		{F522D7F2-565F-4415-82F5-E43F703263A2}.Release|Any CPU.ActiveCfg = Release|Any CPU
		{F522D7F2-565F-4415-82F5-E43F703263A2}.Release|Any CPU.Build.0 = Release|Any CPU
	EndGlobalSection
	GlobalSection(SolutionProperties) = preSolution
		HideSolutionNode = FALSE
	EndGlobalSection
	GlobalSection(ExtensibilityGlobals) = postSolution
		SolutionGuid = {88D4F7B1-8641-4E01-9E1C-7741C413531A}
	EndGlobalSection
EndGlobal
