
Microsoft Visual Studio Solution File, Format Version 12.00
# Visual Studio Version 17
VisualStudioVersion = 17.14.36119.2 d17.14
MinimumVisualStudioVersion = 10.0.40219.1
Project("{FAE04EC0-301F-11D3-BF4B-00C04F79EFBC}") = "DemoLibrary", "DemoLibrary\DemoLibrary.csproj", "{685D47EF-C1FC-4445-A64A-71A81C6DC103}"
EndProject
Project("{FAE04EC0-301F-11D3-BF4B-00C04F79EFBC}") = "DemoLibrary.Tests", "DemoLibrary.Tests\DemoLibrary.Tests.csproj", "{8219143A-3149-446F-95F1-52F133E35FC3}"
EndProject
Global
	GlobalSection(SolutionConfigurationPlatforms) = preSolution
		Debug|Any CPU = Debug|Any CPU
		Release|Any CPU = Release|Any CPU
	EndGlobalSection
	GlobalSection(ProjectConfigurationPlatforms) = postSolution
		{685D47EF-C1FC-4445-A64A-71A81C6DC103}.Debug|Any CPU.ActiveCfg = Debug|Any CPU
		{685D47EF-C1FC-4445-A64A-71A81C6DC103}.Debug|Any CPU.Build.0 = Debug|Any CPU
		{685D47EF-C1FC-4445-A64A-71A81C6DC103}.Release|Any CPU.ActiveCfg = Release|Any CPU
		{685D47EF-C1FC-4445-A64A-71A81C6DC103}.Release|Any CPU.Build.0 = Release|Any CPU
		{8219143A-3149-446F-95F1-52F133E35FC3}.Debug|Any CPU.ActiveCfg = Debug|Any CPU
		{8219143A-3149-446F-95F1-52F133E35FC3}.Debug|Any CPU.Build.0 = Debug|Any CPU
		{8219143A-3149-446F-95F1-52F133E35FC3}.Release|Any CPU.ActiveCfg = Release|Any CPU
		{8219143A-3149-446F-95F1-52F133E35FC3}.Release|Any CPU.Build.0 = Release|Any CPU
	EndGlobalSection
	GlobalSection(SolutionProperties) = preSolution
		HideSolutionNode = FALSE
	EndGlobalSection
	GlobalSection(ExtensibilityGlobals) = postSolution
		SolutionGuid = {3E666209-EB41-4C5A-B000-C341C1B6FC60}
	EndGlobalSection
EndGlobal
