
Microsoft Visual Studio Solution File, Format Version 12.00
# Visual Studio Version 17
VisualStudioVersion = 17.13.35825.156 d17.13
MinimumVisualStudioVersion = 10.0.40219.1
Project("{FAE04EC0-301F-11D3-BF4B-00C04F79EFBC}") = "InheritanceDemo", "InheritanceDemo\InheritanceDemo.csproj", "{78BBC2EF-E064-414F-8D3E-3F6B2EAFCE02}"
EndProject
Global
	GlobalSection(SolutionConfigurationPlatforms) = preSolution
		Debug|Any CPU = Debug|Any CPU
		Release|Any CPU = Release|Any CPU
	EndGlobalSection
	GlobalSection(ProjectConfigurationPlatforms) = postSolution
		{78BBC2EF-E064-414F-8D3E-3F6B2EAFCE02}.Debug|Any CPU.ActiveCfg = Debug|Any CPU
		{78BBC2EF-E064-414F-8D3E-3F6B2EAFCE02}.Debug|Any CPU.Build.0 = Debug|Any CPU
		{78BBC2EF-E064-414F-8D3E-3F6B2EAFCE02}.Release|Any CPU.ActiveCfg = Release|Any CPU
		{78BBC2EF-E064-414F-8D3E-3F6B2EAFCE02}.Release|Any CPU.Build.0 = Release|Any CPU
	EndGlobalSection
	GlobalSection(SolutionProperties) = preSolution
		HideSolutionNode = FALSE
	EndGlobalSection
	GlobalSection(ExtensibilityGlobals) = postSolution
		SolutionGuid = {457BA8E6-54B0-422E-AEE2-F30BAE546D37}
	EndGlobalSection
EndGlobal
