
Microsoft Visual Studio Solution File, Format Version 12.00
# Visual Studio Version 17
VisualStudioVersion = 17.13.35825.156 d17.13
MinimumVisualStudioVersion = 10.0.40219.1
Project("{FAE04EC0-301F-11D3-BF4B-00C04F79EFBC}") = "InheritanceMiniProject", "InheritanceMiniProject\InheritanceMiniProject.csproj", "{35841E66-D7FD-4B10-8106-BACB728095CD}"
EndProject
Global
	GlobalSection(SolutionConfigurationPlatforms) = preSolution
		Debug|Any CPU = Debug|Any CPU
		Release|Any CPU = Release|Any CPU
	EndGlobalSection
	GlobalSection(ProjectConfigurationPlatforms) = postSolution
		{35841E66-D7FD-4B10-8106-BACB728095CD}.Debug|Any CPU.ActiveCfg = Debug|Any CPU
		{35841E66-D7FD-4B10-8106-BACB728095CD}.Debug|Any CPU.Build.0 = Debug|Any CPU
		{35841E66-D7FD-4B10-8106-BACB728095CD}.Release|Any CPU.ActiveCfg = Release|Any CPU
		{35841E66-D7FD-4B10-8106-BACB728095CD}.Release|Any CPU.Build.0 = Release|Any CPU
	EndGlobalSection
	GlobalSection(SolutionProperties) = preSolution
		HideSolutionNode = FALSE
	EndGlobalSection
	GlobalSection(ExtensibilityGlobals) = postSolution
		SolutionGuid = {0B5D8FB3-3825-4182-AB4D-7F58D76ACBB6}
	EndGlobalSection
EndGlobal
