
Microsoft Visual Studio Solution File, Format Version 12.00
# Visual Studio Version 17
VisualStudioVersion = 17.14.36119.2 d17.14
MinimumVisualStudioVersion = 10.0.40219.1
Project("{FAE04EC0-301F-11D3-BF4B-00C04F79EFBC}") = "EventsHomework", "EventsHomework\EventsHomework.csproj", "{894B3F8A-9B41-40B4-BB52-B521525EECF9}"
EndProject
Global
	GlobalSection(SolutionConfigurationPlatforms) = preSolution
		Debug|Any CPU = Debug|Any CPU
		Release|Any CPU = Release|Any CPU
	EndGlobalSection
	GlobalSection(ProjectConfigurationPlatforms) = postSolution
		{894B3F8A-9B41-40B4-BB52-B521525EECF9}.Debug|Any CPU.ActiveCfg = Debug|Any CPU
		{894B3F8A-9B41-40B4-BB52-B521525EECF9}.Debug|Any CPU.Build.0 = Debug|Any CPU
		{894B3F8A-9B41-40B4-BB52-B521525EECF9}.Release|Any CPU.ActiveCfg = Release|Any CPU
		{894B3F8A-9B41-40B4-BB52-B521525EECF9}.Release|Any CPU.Build.0 = Release|Any CPU
	EndGlobalSection
	GlobalSection(SolutionProperties) = preSolution
		HideSolutionNode = FALSE
	EndGlobalSection
	GlobalSection(ExtensibilityGlobals) = postSolution
		SolutionGuid = {D5AEFCCA-1249-42A5-9812-052C159E18FB}
	EndGlobalSection
EndGlobal
