
Microsoft Visual Studio Solution File, Format Version 12.00
# Visual Studio Version 17
VisualStudioVersion = 17.13.35825.156 d17.13
MinimumVisualStudioVersion = 10.0.40219.1
Project("{FAE04EC0-301F-11D3-BF4B-00C04F79EFBC}") = "InheritanceMiniProjectHomework", "InheritanceMiniProjectHomework\InheritanceMiniProjectHomework.csproj", "{75B0FCFE-7B90-4A99-B70F-E5B622FA54BC}"
EndProject
Global
	GlobalSection(SolutionConfigurationPlatforms) = preSolution
		Debug|Any CPU = Debug|Any CPU
		Release|Any CPU = Release|Any CPU
	EndGlobalSection
	GlobalSection(ProjectConfigurationPlatforms) = postSolution
		{75B0FCFE-7B90-4A99-B70F-E5B622FA54BC}.Debug|Any CPU.ActiveCfg = Debug|Any CPU
		{75B0FCFE-7B90-4A99-B70F-E5B622FA54BC}.Debug|Any CPU.Build.0 = Debug|Any CPU
		{75B0FCFE-7B90-4A99-B70F-E5B622FA54BC}.Release|Any CPU.ActiveCfg = Release|Any CPU
		{75B0FCFE-7B90-4A99-B70F-E5B622FA54BC}.Release|Any CPU.Build.0 = Release|Any CPU
	EndGlobalSection
	GlobalSection(SolutionProperties) = preSolution
		HideSolutionNode = FALSE
	EndGlobalSection
	GlobalSection(ExtensibilityGlobals) = postSolution
		SolutionGuid = {6A19C27D-49D0-48AA-ABDE-86F63C09CE0F}
	EndGlobalSection
EndGlobal
