
Microsoft Visual Studio Solution File, Format Version 12.00
# Visual Studio Version 17
VisualStudioVersion = 17.11.35327.3
MinimumVisualStudioVersion = 10.0.40219.1
Project("{FAE04EC0-301F-11D3-BF4B-00C04F79EFBC}") = "DateTimeVariables", "DateTimeVariables\DateTimeVariables.csproj", "{8FF4712D-4127-4CD4-BEFD-97ED10B8ADF5}"
EndProject
Global
	GlobalSection(SolutionConfigurationPlatforms) = preSolution
		Debug|Any CPU = Debug|Any CPU
		Release|Any CPU = Release|Any CPU
	EndGlobalSection
	GlobalSection(ProjectConfigurationPlatforms) = postSolution
		{8FF4712D-4127-4CD4-BEFD-97ED10B8ADF5}.Debug|Any CPU.ActiveCfg = Debug|Any CPU
		{8FF4712D-4127-4CD4-BEFD-97ED10B8ADF5}.Debug|Any CPU.Build.0 = Debug|Any CPU
		{8FF4712D-4127-4CD4-BEFD-97ED10B8ADF5}.Release|Any CPU.ActiveCfg = Release|Any CPU
		{8FF4712D-4127-4CD4-BEFD-97ED10B8ADF5}.Release|Any CPU.Build.0 = Release|Any CPU
	EndGlobalSection
	GlobalSection(SolutionProperties) = preSolution
		HideSolutionNode = FALSE
	EndGlobalSection
	GlobalSection(ExtensibilityGlobals) = postSolution
		SolutionGuid = {02264B34-89A3-4680-8C09-4406E9C0FDC1}
	EndGlobalSection
EndGlobal
