
Microsoft Visual Studio Solution File, Format Version 12.00
# Visual Studio Version 17
VisualStudioVersion = 17.14.36119.2 d17.14
MinimumVisualStudioVersion = 10.0.40219.1
Project("{FAE04EC0-301F-11D3-BF4B-00C04F79EFBC}") = "GenericsHomework", "GenericsHomework\GenericsHomework.csproj", "{070EF5E7-2DD9-4745-9287-3A33D8836607}"
EndProject
Global
	GlobalSection(SolutionConfigurationPlatforms) = preSolution
		Debug|Any CPU = Debug|Any CPU
		Release|Any CPU = Release|Any CPU
	EndGlobalSection
	GlobalSection(ProjectConfigurationPlatforms) = postSolution
		{070EF5E7-2DD9-4745-9287-3A33D8836607}.Debug|Any CPU.ActiveCfg = Debug|Any CPU
		{070EF5E7-2DD9-4745-9287-3A33D8836607}.Debug|Any CPU.Build.0 = Debug|Any CPU
		{070EF5E7-2DD9-4745-9287-3A33D8836607}.Release|Any CPU.ActiveCfg = Release|Any CPU
		{070EF5E7-2DD9-4745-9287-3A33D8836607}.Release|Any CPU.Build.0 = Release|Any CPU
	EndGlobalSection
	GlobalSection(SolutionProperties) = preSolution
		HideSolutionNode = FALSE
	EndGlobalSection
	GlobalSection(ExtensibilityGlobals) = postSolution
		SolutionGuid = {E2323166-A63C-4769-8360-9C5E06855FEB}
	EndGlobalSection
EndGlobal
